
Microsoft Visual Studio Solution File, Format Version 12.00
# Visual Studio Version 17
VisualStudioVersion = 17.0.31903.59
MinimumVisualStudioVersion = 10.0.40219.1
Project("{FAE04EC0-301F-11D3-BF4B-00C04F79EFBC}") = "ITMartin.IndexServer", "ITMartin.IndexServer\ITMartin.IndexServer.csproj", "{6FC17408-9C98-4F0D-88C9-B65480928538}"
EndProject
Project("{FAE04EC0-301F-11D3-BF4B-00C04F79EFBC}") = "ITMartin.Shared.Application", "ITMartin.Shared.Application\ITMartin.Shared.Application.csproj", "{F2EAB6A0-E784-4C8D-9E13-22DEC1C47A5C}"
EndProject
Project("{FAE04EC0-301F-11D3-BF4B-00C04F79EFBC}") = "ITMartin.Shared.Domain", "ITMartin.Shared.Domain\ITMartin.Shared.Domain.csproj", "{5C591080-BDD9-4A73-BCA2-643027D02555}"
EndProject
Project("{FAE04EC0-301F-11D3-BF4B-00C04F79EFBC}") = "ITMartin.Shared.UI", "ITMartin.Shared.UI\ITMartin.Shared.UI.csproj", "{4C873601-C0F6-429B-9919-CD277F56B415}"
EndProject
Project("{FAE04EC0-301F-11D3-BF4B-00C04F79EFBC}") = "ITMartinFileSorter.Application", "ITMartinFileSorter.Application\ITMartinFileSorter.Application.csproj", "{FA388661-CB5F-43B9-8458-4F7FC4CF5C0A}"
EndProject
Project("{FAE04EC0-301F-11D3-BF4B-00C04F79EFBC}") = "ITMartinFileSorter.Domain", "ITMartinFileSorter.Domain\ITMartinFileSorter.Domain.csproj", "{4850A240-2B03-4D89-ABBB-F09F912F62F8}"
EndProject
Project("{FAE04EC0-301F-11D3-BF4B-00C04F79EFBC}") = "ITMartinFileSorter.Infrastructure", "ITMartinFileSorter.Infrastructure\ITMartinFileSorter.Infrastructure.csproj", "{4132B487-A60D-40E8-9A6A-061354F917E0}"
EndProject
Project("{FAE04EC0-301F-11D3-BF4B-00C04F79EFBC}") = "ITMartinFileSorter.Server", "ITMartinFileSorter.Server\ITMartinFileSorter.Server.csproj", "{887DD214-74E5-49A5-84AB-192AED9D532A}"
EndProject
Project("{FAE04EC0-301F-11D3-BF4B-00C04F79EFBC}") = "ITMartinLibrary.Application", "ITMartinLibrary.Application\ITMartinLibrary.Application.csproj", "{0EE7AACA-F6C6-455F-89FB-422707DEDB71}"
EndProject
Project("{FAE04EC0-301F-11D3-BF4B-00C04F79EFBC}") = "ITMartinLibrary.Domain", "ITMartinLibrary.Domain\ITMartinLibrary.Domain.csproj", "{5964C197-6D07-4D55-9CF3-2D77A4AB3454}"
EndProject
Project("{FAE04EC0-301F-11D3-BF4B-00C04F79EFBC}") = "ITMartinLibrary.Infrastructure", "ITMartinLibrary.Infrastructure\ITMartinLibrary.Infrastructure.csproj", "{FB33427F-84ED-4CCF-BFAA-CF38EDB6186D}"
EndProject
Project("{FAE04EC0-301F-11D3-BF4B-00C04F79EFBC}") = "ITMartinLibrary.Server", "ITMartinLibrary.Server\ITMartinLibrary.Server.csproj", "{7EA8C572-DC60-4AE4-9967-8697735D4040}"
EndProject
Project("{FAE04EC0-301F-11D3-BF4B-00C04F79EFBC}") = "ITMartinBudget.Domain", "ITMartinBudget.Domain\ITMartinBudget.Domain.csproj", "{D5E181C0-9D14-4D0A-B712-79014673F4D4}"
EndProject
Project("{FAE04EC0-301F-11D3-BF4B-00C04F79EFBC}") = "ITMartinBudget.Application", "ITMartinBudget.Application\ITMartinBudget.Application.csproj", "{18E4BD65-F552-4A83-96D8-010B2E74A5ED}"
EndProject
Project("{FAE04EC0-301F-11D3-BF4B-00C04F79EFBC}") = "ITMartinBudget.Infrastructure", "ITMartinBudget.Infrastructure\ITMartinBudget.Infrastructure.csproj", "{4098DE8A-6E90-49E7-A228-3427C4577457}"
EndProject
Project("{FAE04EC0-301F-11D3-BF4B-00C04F79EFBC}") = "ITMartinBudget.Server", "ITMartinBudget.Server\ITMartinBudget.Server.csproj", "{369DACB8-1AE8-4B24-8214-74A46BCADF17}"
EndProject
Project("{FAE04EC0-301F-11D3-BF4B-00C04F79EFBC}") = "ITMartinMediaSeller.Server", "ITMartinMediaSeller.Server\ITMartinMediaSeller.Server.csproj", "{9DD18404-3ADC-4EBB-AC15-7B867C209C14}"
EndProject
Project("{FAE04EC0-301F-11D3-BF4B-00C04F79EFBC}") = "ITMartinMediaSeller.Application", "ITMartinMediaSeller.Application\ITMartinMediaSeller.Application.csproj", "{AE844599-AEFA-43B3-8299-1C08E671A48C}"
EndProject
Project("{FAE04EC0-301F-11D3-BF4B-00C04F79EFBC}") = "ITMartinMediaSeller.Domain", "ITMartinMediaSeller.Domain\ITMartinMediaSeller.Domain.csproj", "{40577C6C-7468-45A4-B066-833CCC3B0CA0}"
EndProject
Project("{FAE04EC0-301F-11D3-BF4B-00C04F79EFBC}") = "ITMartinMediaSeller.Infrastructure", "ITMartinMediaSeller.Infrastructure\ITMartinMediaSeller.Infrastructure.csproj", "{8D0B09D6-935F-4077-9EED-60338C6D418A}"
EndProject
Project("{FAE04EC0-301F-11D3-BF4B-00C04F79EFBC}") = "ITMartinImageProcessor.Domain", "ITMartinImageProcessor.Domain\ITMartinImageProcessor.Domain.csproj", "{43E6BB31-19BE-467C-A844-AE2B1071C7CE}"
EndProject
Project("{FAE04EC0-301F-11D3-BF4B-00C04F79EFBC}") = "ITMartinImageProcessor.Application", "ITMartinImageProcessor.Application\ITMartinImageProcessor.Application.csproj", "{10885FEC-196D-4889-B968-975AD7DE8756}"
EndProject
Project("{FAE04EC0-301F-11D3-BF4B-00C04F79EFBC}") = "ITMartinImageProcessor.Infrastructure", "ITMartinImageProcessor.Infrastructure\ITMartinImageProcessor.Infrastructure.csproj", "{891FC615-CC53-4B49-A980-69CD6B7D3739}"
EndProject
Project("{FAE04EC0-301F-11D3-BF4B-00C04F79EFBC}") = "ITMartinImageProcessor.Worker", "ITMartinImageProcessor.Worker\ITMartinImageProcessor.Worker.csproj", "{65643A57-5437-4099-8258-793460566044}"
EndProject
Project("{2150E333-8FDC-42A3-9474-1A3956D46DE8}") = "Solution Items", "Solution Items", "{4ED42768-65CC-424E-83FD-AC1B2CC5FF27}"
	ProjectSection(SolutionItems) = preProject
		compose.yaml = compose.yaml
	EndProjectSection
EndProject
Global
	GlobalSection(SolutionConfigurationPlatforms) = preSolution
		Debug|Any CPU = Debug|Any CPU
		Release|Any CPU = Release|Any CPU
	EndGlobalSection
	GlobalSection(SolutionProperties) = preSolution
		HideSolutionNode = FALSE
	EndGlobalSection
	GlobalSection(ProjectConfigurationPlatforms) = postSolution
		{6FC17408-9C98-4F0D-88C9-B65480928538}.Debug|Any CPU.ActiveCfg = Debug|Any CPU
		{6FC17408-9C98-4F0D-88C9-B65480928538}.Debug|Any CPU.Build.0 = Debug|Any CPU
		{6FC17408-9C98-4F0D-88C9-B65480928538}.Release|Any CPU.ActiveCfg = Release|Any CPU
		{6FC17408-9C98-4F0D-88C9-B65480928538}.Release|Any CPU.Build.0 = Release|Any CPU
		{F2EAB6A0-E784-4C8D-9E13-22DEC1C47A5C}.Debug|Any CPU.ActiveCfg = Debug|Any CPU
		{F2EAB6A0-E784-4C8D-9E13-22DEC1C47A5C}.Debug|Any CPU.Build.0 = Debug|Any CPU
		{F2EAB6A0-E784-4C8D-9E13-22DEC1C47A5C}.Release|Any CPU.ActiveCfg = Release|Any CPU
		{F2EAB6A0-E784-4C8D-9E13-22DEC1C47A5C}.Release|Any CPU.Build.0 = Release|Any CPU
		{5C591080-BDD9-4A73-BCA2-643027D02555}.Debug|Any CPU.ActiveCfg = Debug|Any CPU
		{5C591080-BDD9-4A73-BCA2-643027D02555}.Debug|Any CPU.Build.0 = Debug|Any CPU
		{5C591080-BDD9-4A73-BCA2-643027D02555}.Release|Any CPU.ActiveCfg = Release|Any CPU
		{5C591080-BDD9-4A73-BCA2-643027D02555}.Release|Any CPU.Build.0 = Release|Any CPU
		{4C873601-C0F6-429B-9919-CD277F56B415}.Debug|Any CPU.ActiveCfg = Debug|Any CPU
		{4C873601-C0F6-429B-9919-CD277F56B415}.Debug|Any CPU.Build.0 = Debug|Any CPU
		{4C873601-C0F6-429B-9919-CD277F56B415}.Release|Any CPU.ActiveCfg = Release|Any CPU
		{4C873601-C0F6-429B-9919-CD277F56B415}.Release|Any CPU.Build.0 = Release|Any CPU
		{FA388661-CB5F-43B9-8458-4F7FC4CF5C0A}.Debug|Any CPU.ActiveCfg = Debug|Any CPU
		{FA388661-CB5F-43B9-8458-4F7FC4CF5C0A}.Debug|Any CPU.Build.0 = Debug|Any CPU
		{FA388661-CB5F-43B9-8458-4F7FC4CF5C0A}.Release|Any CPU.ActiveCfg = Release|Any CPU
		{FA388661-CB5F-43B9-8458-4F7FC4CF5C0A}.Release|Any CPU.Build.0 = Release|Any CPU
		{4850A240-2B03-4D89-ABBB-F09F912F62F8}.Debug|Any CPU.ActiveCfg = Debug|Any CPU
		{4850A240-2B03-4D89-ABBB-F09F912F62F8}.Debug|Any CPU.Build.0 = Debug|Any CPU
		{4850A240-2B03-4D89-ABBB-F09F912F62F8}.Release|Any CPU.ActiveCfg = Release|Any CPU
		{4850A240-2B03-4D89-ABBB-F09F912F62F8}.Release|Any CPU.Build.0 = Release|Any CPU
		{4132B487-A60D-40E8-9A6A-061354F917E0}.Debug|Any CPU.ActiveCfg = Debug|Any CPU
		{4132B487-A60D-40E8-9A6A-061354F917E0}.Debug|Any CPU.Build.0 = Debug|Any CPU
		{4132B487-A60D-40E8-9A6A-061354F917E0}.Release|Any CPU.ActiveCfg = Release|Any CPU
		{4132B487-A60D-40E8-9A6A-061354F917E0}.Release|Any CPU.Build.0 = Release|Any CPU
		{887DD214-74E5-49A5-84AB-192AED9D532A}.Debug|Any CPU.ActiveCfg = Debug|Any CPU
		{887DD214-74E5-49A5-84AB-192AED9D532A}.Debug|Any CPU.Build.0 = Debug|Any CPU
		{887DD214-74E5-49A5-84AB-192AED9D532A}.Release|Any CPU.ActiveCfg = Release|Any CPU
		{887DD214-74E5-49A5-84AB-192AED9D532A}.Release|Any CPU.Build.0 = Release|Any CPU
		{0EE7AACA-F6C6-455F-89FB-422707DEDB71}.Debug|Any CPU.ActiveCfg = Debug|Any CPU
		{0EE7AACA-F6C6-455F-89FB-422707DEDB71}.Debug|Any CPU.Build.0 = Debug|Any CPU
		{0EE7AACA-F6C6-455F-89FB-422707DEDB71}.Release|Any CPU.ActiveCfg = Release|Any CPU
		{0EE7AACA-F6C6-455F-89FB-422707DEDB71}.Release|Any CPU.Build.0 = Release|Any CPU
		{5964C197-6D07-4D55-9CF3-2D77A4AB3454}.Debug|Any CPU.ActiveCfg = Debug|Any CPU
		{5964C197-6D07-4D55-9CF3-2D77A4AB3454}.Debug|Any CPU.Build.0 = Debug|Any CPU
		{5964C197-6D07-4D55-9CF3-2D77A4AB3454}.Release|Any CPU.ActiveCfg = Release|Any CPU
		{5964C197-6D07-4D55-9CF3-2D77A4AB3454}.Release|Any CPU.Build.0 = Release|Any CPU
		{FB33427F-84ED-4CCF-BFAA-CF38EDB6186D}.Debug|Any CPU.ActiveCfg = Debug|Any CPU
		{FB33427F-84ED-4CCF-BFAA-CF38EDB6186D}.Debug|Any CPU.Build.0 = Debug|Any CPU
		{FB33427F-84ED-4CCF-BFAA-CF38EDB6186D}.Release|Any CPU.ActiveCfg = Release|Any CPU
		{FB33427F-84ED-4CCF-BFAA-CF38EDB6186D}.Release|Any CPU.Build.0 = Release|Any CPU
		{7EA8C572-DC60-4AE4-9967-8697735D4040}.Debug|Any CPU.ActiveCfg = Debug|Any CPU
		{7EA8C572-DC60-4AE4-9967-8697735D4040}.Debug|Any CPU.Build.0 = Debug|Any CPU
		{7EA8C572-DC60-4AE4-9967-8697735D4040}.Release|Any CPU.ActiveCfg = Release|Any CPU
		{7EA8C572-DC60-4AE4-9967-8697735D4040}.Release|Any CPU.Build.0 = Release|Any CPU
		{D5E181C0-9D14-4D0A-B712-79014673F4D4}.Debug|Any CPU.ActiveCfg = Debug|Any CPU
		{D5E181C0-9D14-4D0A-B712-79014673F4D4}.Debug|Any CPU.Build.0 = Debug|Any CPU
		{D5E181C0-9D14-4D0A-B712-79014673F4D4}.Release|Any CPU.ActiveCfg = Release|Any CPU
		{D5E181C0-9D14-4D0A-B712-79014673F4D4}.Release|Any CPU.Build.0 = Release|Any CPU
		{18E4BD65-F552-4A83-96D8-010B2E74A5ED}.Debug|Any CPU.ActiveCfg = Debug|Any CPU
		{18E4BD65-F552-4A83-96D8-010B2E74A5ED}.Debug|Any CPU.Build.0 = Debug|Any CPU
		{18E4BD65-F552-4A83-96D8-010B2E74A5ED}.Release|Any CPU.ActiveCfg = Release|Any CPU
		{18E4BD65-F552-4A83-96D8-010B2E74A5ED}.Release|Any CPU.Build.0 = Release|Any CPU
		{4098DE8A-6E90-49E7-A228-3427C4577457}.Debug|Any CPU.ActiveCfg = Debug|Any CPU
		{4098DE8A-6E90-49E7-A228-3427C4577457}.Debug|Any CPU.Build.0 = Debug|Any CPU
		{4098DE8A-6E90-49E7-A228-3427C4577457}.Release|Any CPU.ActiveCfg = Release|Any CPU
		{4098DE8A-6E90-49E7-A228-3427C4577457}.Release|Any CPU.Build.0 = Release|Any CPU
		{369DACB8-1AE8-4B24-8214-74A46BCADF17}.Debug|Any CPU.ActiveCfg = Debug|Any CPU
		{369DACB8-1AE8-4B24-8214-74A46BCADF17}.Debug|Any CPU.Build.0 = Debug|Any CPU
		{369DACB8-1AE8-4B24-8214-74A46BCADF17}.Release|Any CPU.ActiveCfg = Release|Any CPU
		{369DACB8-1AE8-4B24-8214-74A46BCADF17}.Release|Any CPU.Build.0 = Release|Any CPU
		{9DD18404-3ADC-4EBB-AC15-7B867C209C14}.Debug|Any CPU.ActiveCfg = Debug|Any CPU
		{9DD18404-3ADC-4EBB-AC15-7B867C209C14}.Debug|Any CPU.Build.0 = Debug|Any CPU
		{9DD18404-3ADC-4EBB-AC15-7B867C209C14}.Release|Any CPU.ActiveCfg = Release|Any CPU
		{9DD18404-3ADC-4EBB-AC15-7B867C209C14}.Release|Any CPU.Build.0 = Release|Any CPU
		{AE844599-AEFA-43B3-8299-1C08E671A48C}.Debug|Any CPU.ActiveCfg = Debug|Any CPU
		{AE844599-AEFA-43B3-8299-1C08E671A48C}.Debug|Any CPU.Build.0 = Debug|Any CPU
		{AE844599-AEFA-43B3-8299-1C08E671A48C}.Release|Any CPU.ActiveCfg = Release|Any CPU
		{AE844599-AEFA-43B3-8299-1C08E671A48C}.Release|Any CPU.Build.0 = Release|Any CPU
		{40577C6C-7468-45A4-B066-833CCC3B0CA0}.Debug|Any CPU.ActiveCfg = Debug|Any CPU
		{40577C6C-7468-45A4-B066-833CCC3B0CA0}.Debug|Any CPU.Build.0 = Debug|Any CPU
		{40577C6C-7468-45A4-B066-833CCC3B0CA0}.Release|Any CPU.ActiveCfg = Release|Any CPU
		{40577C6C-7468-45A4-B066-833CCC3B0CA0}.Release|Any CPU.Build.0 = Release|Any CPU
		{8D0B09D6-935F-4077-9EED-60338C6D418A}.Debug|Any CPU.ActiveCfg = Debug|Any CPU
		{8D0B09D6-935F-4077-9EED-60338C6D418A}.Debug|Any CPU.Build.0 = Debug|Any CPU
		{8D0B09D6-935F-4077-9EED-60338C6D418A}.Release|Any CPU.ActiveCfg = Release|Any CPU
		{8D0B09D6-935F-4077-9EED-60338C6D418A}.Release|Any CPU.Build.0 = Release|Any CPU
		{43E6BB31-19BE-467C-A844-AE2B1071C7CE}.Debug|Any CPU.ActiveCfg = Debug|Any CPU
		{43E6BB31-19BE-467C-A844-AE2B1071C7CE}.Debug|Any CPU.Build.0 = Debug|Any CPU
		{43E6BB31-19BE-467C-A844-AE2B1071C7CE}.Release|Any CPU.ActiveCfg = Release|Any CPU
		{43E6BB31-19BE-467C-A844-AE2B1071C7CE}.Release|Any CPU.Build.0 = Release|Any CPU
		{10885FEC-196D-4889-B968-975AD7DE8756}.Debug|Any CPU.ActiveCfg = Debug|Any CPU
		{10885FEC-196D-4889-B968-975AD7DE8756}.Debug|Any CPU.Build.0 = Debug|Any CPU
		{10885FEC-196D-4889-B968-975AD7DE8756}.Release|Any CPU.ActiveCfg = Release|Any CPU
		{10885FEC-196D-4889-B968-975AD7DE8756}.Release|Any CPU.Build.0 = Release|Any CPU
		{891FC615-CC53-4B49-A980-69CD6B7D3739}.Debug|Any CPU.ActiveCfg = Debug|Any CPU
		{891FC615-CC53-4B49-A980-69CD6B7D3739}.Debug|Any CPU.Build.0 = Debug|Any CPU
		{891FC615-CC53-4B49-A980-69CD6B7D3739}.Release|Any CPU.ActiveCfg = Release|Any CPU
		{891FC615-CC53-4B49-A980-69CD6B7D3739}.Release|Any CPU.Build.0 = Release|Any CPU
		{65643A57-5437-4099-8258-793460566044}.Debug|Any CPU.ActiveCfg = Debug|Any CPU
		{65643A57-5437-4099-8258-793460566044}.Debug|Any CPU.Build.0 = Debug|Any CPU
		{65643A57-5437-4099-8258-793460566044}.Release|Any CPU.ActiveCfg = Release|Any CPU
		{65643A57-5437-4099-8258-793460566044}.Release|Any CPU.Build.0 = Release|Any CPU
	EndGlobalSection
EndGlobal
