
Microsoft Visual Studio Solution File, Format Version 12.00
# Visual Studio Version 17
VisualStudioVersion = 17.0.31903.59
MinimumVisualStudioVersion = 10.0.40219.1
Project("{FAE04EC0-301F-11D3-BF4B-00C04F79EFBC}") = "ITMartin.IndexServer", "ITMartin.IndexServer\ITMartin.IndexServer.csproj", "{6FC17408-9C98-4F0D-88C9-B65480928538}"
EndProject
Project("{FAE04EC0-301F-11D3-BF4B-00C04F79EFBC}") = "ITMartin.Shared.Application", "ITMartin.Shared.Application\ITMartin.Shared.Application.csproj", "{F2EAB6A0-E784-4C8D-9E13-22DEC1C47A5C}"
EndProject
Project("{FAE04EC0-301F-11D3-BF4B-00C04F79EFBC}") = "ITMartin.Shared.Domain", "ITMartin.Shared.Domain\ITMartin.Shared.Domain.csproj", "{5C591080-BDD9-4A73-BCA2-643027D02555}"
EndProject
Project("{FAE04EC0-301F-11D3-BF4B-00C04F79EFBC}") = "ITMartin.Shared.UI", "ITMartin.Shared.UI\ITMartin.Shared.UI.csproj", "{4C873601-C0F6-429B-9919-CD277F56B415}"
EndProject
Project("{FAE04EC0-301F-11D3-BF4B-00C04F79EFBC}") = "ITMartinFileSorter.Application", "ITMartinFileSorter.Application\ITMartinFileSorter.Application.csproj", "{FA388661-CB5F-43B9-8458-4F7FC4CF5C0A}"
EndProject
Project("{FAE04EC0-301F-11D3-BF4B-00C04F79EFBC}") = "ITMartinFileSorter.Domain", "ITMartinFileSorter.Domain\ITMartinFileSorter.Domain.csproj", "{4850A240-2B03-4D89-ABBB-F09F912F62F8}"
EndProject
Project("{FAE04EC0-301F-11D3-BF4B-00C04F79EFBC}") = "ITMartinFileSorter.Infrastructure", "ITMartinFileSorter.Infrastructure\ITMartinFileSorter.Infrastructure.csproj", "{4132B487-A60D-40E8-9A6A-061354F917E0}"
EndProject
Project("{FAE04EC0-301F-11D3-BF4B-00C04F79EFBC}") = "ITMartinFileSorter.Server", "ITMartinFileSorter.Server\ITMartinFileSorter.Server.csproj", "{887DD214-74E5-49A5-84AB-192AED9D532A}"
EndProject
Project("{FAE04EC0-301F-11D3-BF4B-00C04F79EFBC}") = "ITMartinLibrary.Application", "ITMartinLibrary.Application\ITMartinLibrary.Application.csproj", "{0EE7AACA-F6C6-455F-89FB-422707DEDB71}"
EndProject
Project("{FAE04EC0-301F-11D3-BF4B-00C04F79EFBC}") = "ITMartinLibrary.Domain", "ITMartinLibrary.Domain\ITMartinLibrary.Domain.csproj", "{5964C197-6D07-4D55-9CF3-2D77A4AB3454}"
EndProject
Project("{FAE04EC0-301F-11D3-BF4B-00C04F79EFBC}") = "ITMartinLibrary.Infrastructure", "ITMartinLibrary.Infrastructure\ITMartinLibrary.Infrastructure.csproj", "{FB33427F-84ED-4CCF-BFAA-CF38EDB6186D}"
EndProject
Project("{FAE04EC0-301F-11D3-BF4B-00C04F79EFBC}") = "ITMartinLibrary.Server", "ITMartinLibrary.Server\ITMartinLibrary.Server.csproj", "{7EA8C572-DC60-4AE4-9967-8697735D4040}"
EndProject
Project("{FAE04EC0-301F-11D3-BF4B-00C04F79EFBC}") = "ITMartinBudget.Domain", "ITMartinBudget.Domain\ITMartinBudget.Domain.csproj", "{D5E181C0-9D14-4D0A-B712-79014673F4D4}"
EndProject
Project("{FAE04EC0-301F-11D3-BF4B-00C04F79EFBC}") = "ITMartinBudget.Application", "ITMartinBudget.Application\ITMartinBudget.Application.csproj", "{18E4BD65-F552-4A83-96D8-010B2E74A5ED}"
EndProject
Project("{FAE04EC0-301F-11D3-BF4B-00C04F79EFBC}") = "ITMartinBudget.Infrastructure", "ITMartinBudget.Infrastructure\ITMartinBudget.Infrastructure.csproj", "{4098DE8A-6E90-49E7-A228-3427C4577457}"
EndProject
Project("{FAE04EC0-301F-11D3-BF4B-00C04F79EFBC}") = "ITMartinBudget.Server", "ITMartinBudget.Server\ITMartinBudget.Server.csproj", "{369DACB8-1AE8-4B24-8214-74A46BCADF17}"
EndProject
Project("{FAE04EC0-301F-11D3-BF4B-00C04F79EFBC}") = "ITMartinMediaSeller.Server", "ITMartinMediaSeller.Server\ITMartinMediaSeller.Server.csproj", "{9DD18404-3ADC-4EBB-AC15-7B867C209C14}"
EndProject
Project("{FAE04EC0-301F-11D3-BF4B-00C04F79EFBC}") = "ITMartinMediaSeller.Application", "ITMartinMediaSeller.Application\ITMartinMediaSeller.Application.csproj", "{AE844599-AEFA-43B3-8299-1C08E671A48C}"
EndProject
Project("{FAE04EC0-301F-11D3-BF4B-00C04F79EFBC}") = "ITMartinMediaSeller.Domain", "ITMartinMediaSeller.Domain\ITMartinMediaSeller.Domain.csproj", "{40577C6C-7468-45A4-B066-833CCC3B0CA0}"
EndProject
Project("{FAE04EC0-301F-11D3-BF4B-00C04F79EFBC}") = "ITMartinMediaSeller.Infrastructure", "ITMartinMediaSeller.Infrastructure\ITMartinMediaSeller.Infrastructure.csproj", "{8D0B09D6-935F-4077-9EED-60338C6D418A}"
EndProject
Project("{FAE04EC0-301F-11D3-BF4B-00C04F79EFBC}") = "ITMartinImageProcessor.Domain", "ITMartinImageProcessor.Domain\ITMartinImageProcessor.Domain.csproj", "{43E6BB31-19BE-467C-A844-AE2B1071C7CE}"
EndProject
Project("{FAE04EC0-301F-11D3-BF4B-00C04F79EFBC}") = "ITMartinImageProcessor.Application", "ITMartinImageProcessor.Application\ITMartinImageProcessor.Application.csproj", "{10885FEC-196D-4889-B968-975AD7DE8756}"
EndProject
Project("{FAE04EC0-301F-11D3-BF4B-00C04F79EFBC}") = "ITMartinImageProcessor.Infrastructure", "ITMartinImageProcessor.Infrastructure\ITMartinImageProcessor.Infrastructure.csproj", "{891FC615-CC53-4B49-A980-69CD6B7D3739}"
EndProject
Project("{FAE04EC0-301F-11D3-BF4B-00C04F79EFBC}") = "ITMartinImageProcessor.Worker", "ITMartinImageProcessor.Worker\ITMartinImageProcessor.Worker.csproj", "{65643A57-5437-4099-8258-793460566044}"
EndProject
Project("{2150E333-8FDC-42A3-9474-1A3956D46DE8}") = "Solution Items", "Solution Items", "{4ED42768-65CC-424E-83FD-AC1B2CC5FF27}"
	ProjectSection(SolutionItems) = preProject
		docker-compose.yaml = docker-compose.yaml
	EndProjectSection
EndProject
Project("{FAE04EC0-301F-11D3-BF4B-00C04F79EFBC}") = "ITMartinMusicHelper.Application", "ITMartinMusicHelper.Application\ITMartinMusicHelper.Application.csproj", "{7F90EFD7-B3A0-4D36-8314-0C63FA1EF98E}"
EndProject
Project("{FAE04EC0-301F-11D3-BF4B-00C04F79EFBC}") = "ITMartinMusicHelper.Domain", "ITMartinMusicHelper.Domain\ITMartinMusicHelper.Domain.csproj", "{31125265-41A6-4542-8ECA-23D8D97CC4F4}"
EndProject
Project("{FAE04EC0-301F-11D3-BF4B-00C04F79EFBC}") = "ITMartinMusicHelper.Infrastructure", "ITMartinMusicHelper.Infrastructure\ITMartinMusicHelper.Infrastructure.csproj", "{FA224F40-81B1-4D86-8179-2C082E3D727A}"
EndProject
Project("{FAE04EC0-301F-11D3-BF4B-00C04F79EFBC}") = "ITMartinMusicHelper.Web", "ITMartinMusicHelper.Web\ITMartinMusicHelper.Web.csproj", "{0870F638-6C05-4497-BC40-0F3C47ED653C}"
EndProject
Project("{FAE04EC0-301F-11D3-BF4B-00C04F79EFBC}") = "ITMartinFileSorter.Tests", "ITMartinFileSorter.Tests\ITMartinFileSorter.Tests.csproj", "{9C5B9AEC-F295-430C-B5DF-D5A6ABA5517D}"
EndProject
Project("{FAE04EC0-301F-11D3-BF4B-00C04F79EFBC}") = "ITMartinBudget.Tests", "ITMartinBudget.Tests\ITMartinBudget.Tests.csproj", "{9289FA43-5742-43E4-9FF8-7ECC8C1B1835}"
EndProject
Project("{FAE04EC0-301F-11D3-BF4B-00C04F79EFBC}") = "ITMartinR6Assistant.Domain", "ITMartinR6Assistant.Domain\ITMartinR6Assistant.Domain.csproj", "{D31D3163-A6FF-4144-A610-68FFB6D78CE6}"
EndProject
Project("{FAE04EC0-301F-11D3-BF4B-00C04F79EFBC}") = "ITMartinR6Assistant.Application", "ITMartinR6Assistant.Application\ITMartinR6Assistant.Application.csproj", "{3009634E-DCB6-4498-AEE2-00A4FDF5B6A4}"
EndProject
Project("{FAE04EC0-301F-11D3-BF4B-00C04F79EFBC}") = "ITMartinR6Assistant.Infrastructure", "ITMartinR6Assistant.Infrastructure\ITMartinR6Assistant.Infrastructure.csproj", "{4007E019-BB59-4A0A-81DE-E1C6BE449173}"
EndProject
Project("{FAE04EC0-301F-11D3-BF4B-00C04F79EFBC}") = "ITMartinR6Assistant.Server", "ITMartinR6Assistant.Server\ITMartinR6Assistant.Server.csproj", "{7DCDBF9E-6BCE-4FAF-ACEB-C220FE513D09}"
EndProject
Project("{FAE04EC0-301F-11D3-BF4B-00C04F79EFBC}") = "ITMartin.Media.Domain", "ITMartin.Media.Domain\ITMartin.Media.Domain.csproj", "{AB28A0EB-F523-4323-A4D5-C43FAB8997EF}"
EndProject
Project("{FAE04EC0-301F-11D3-BF4B-00C04F79EFBC}") = "ITMartin.OCR", "ITMartin.OCR\ITMartin.OCR.csproj", "{D77F1089-32F3-4D2C-960D-87E0F22BDD38}"
EndProject
Project("{FAE04EC0-301F-11D3-BF4B-00C04F79EFBC}") = "ITMartin.Ai", "ITMartin.Ai\ITMartin.Ai.csproj", "{CE8B0904-E3F1-4E54-8AE9-B370B39EC5F6}"
EndProject
Project("{FAE04EC0-301F-11D3-BF4B-00C04F79EFBC}") = "ITMartin.Media.Application", "ITMartin.Media.Application\ITMartin.Media.Application.csproj", "{29FC9253-FD61-446C-8A2C-4A53E2862019}"
EndProject
Project("{FAE04EC0-301F-11D3-BF4B-00C04F79EFBC}") = "ITMartin.Media.Infrastructure", "ITMartin.Media.Infrastructure\ITMartin.Media.Infrastructure.csproj", "{8C9BC80B-221D-44F8-B42E-109F842C9FF0}"
EndProject
Project("{FAE04EC0-301F-11D3-BF4B-00C04F79EFBC}") = "ITMartin.Magic.Server", "ITMartin.Magic.Server\ITMartin.Magic.Server.csproj", "{737790BE-1A17-4EBC-983B-FD40FD513E70}"
EndProject
Project("{FAE04EC0-301F-11D3-BF4B-00C04F79EFBC}") = "ITMartin.Magic.Domain", "ITMartin.Magic.Domain\ITMartin.Magic.Domain.csproj", "{54C4B03A-1C67-4A20-846C-622AF826B28A}"
EndProject
Project("{FAE04EC0-301F-11D3-BF4B-00C04F79EFBC}") = "ITMartin.Magic.Application", "ITMartin.Magic.Application\ITMartin.Magic.Application.csproj", "{5BAF7AC7-FACD-4B91-8E02-56470F4A0EC3}"
EndProject
Project("{FAE04EC0-301F-11D3-BF4B-00C04F79EFBC}") = "ITMartin.Magic.Infrastructure", "ITMartin.Magic.Infrastructure\ITMartin.Magic.Infrastructure.csproj", "{90F4758E-FCEA-4C08-AB69-98E3185C1133}"
EndProject
Project("{FAE04EC0-301F-11D3-BF4B-00C04F79EFBC}") = "ITMartinFileSorter.Worker", "ITMartinFileSorter.Worker\ITMartinFileSorter.Worker.csproj", "{A43FE91A-51AB-4568-9752-FF76944F73DD}"
EndProject
Project("{FAE04EC0-301F-11D3-BF4B-00C04F79EFBC}") = "ITMartin.Media.Contracts", "ITMartin.Media.Contracts\ITMartin.Media.Contracts.csproj", "{9D8415D2-C2B9-4375-A713-389694BBEFED}"
EndProject
Project("{FAE04EC0-301F-11D3-BF4B-00C04F79EFBC}") = "ITMartin.Media.Runtime", "ITMartin.Media.Runtime\ITMartin.Media.Runtime.csproj", "{C0BEC551-3340-44F9-BA49-229E6E9B60AD}"
EndProject
Project("{FAE04EC0-301F-11D3-BF4B-00C04F79EFBC}") = "ITMartin.Receipt.Application", "ITMartin.Receipt.Application\ITMartin.Receipt.Application.csproj", "{3FD96F72-C354-4F5C-BEA5-DC3F92DE8646}"
EndProject
Project("{FAE04EC0-301F-11D3-BF4B-00C04F79EFBC}") = "ITMartin.Receipt.Domain", "ITMartin.Receipt.Domain\ITMartin.Receipt.Domain.csproj", "{A1B2C3D4-E5F6-7890-ABCD-EF1234567890}"
EndProject
Project("{FAE04EC0-301F-11D3-BF4B-00C04F79EFBC}") = "ITMartin.Receipt.Infrastructure", "ITMartin.Receipt.Infrastructure\ITMartin.Receipt.Infrastructure.csproj", "{B2C3D4E5-F6A7-8901-BCDE-F12345678901}"
EndProject
Project("{FAE04EC0-301F-11D3-BF4B-00C04F79EFBC}") = "ITMartin.Receipt.Server", "ITMartin.Receipt.Server\ITMartin.Receipt.Server.csproj", "{C3D4E5F6-A7B8-9012-CDEF-123456789012}"
EndProject
Project("{FAE04EC0-301F-11D3-BF4B-00C04F79EFBC}") = "ITMartin.Receipt.Contracts", "ITMartin.Receipt.Contracts\ITMartin.Receipt.Contracts.csproj", "{D4E5F6A7-B8C9-0123-DEF0-234567890123}"
EndProject
Project("{FAE04EC0-301F-11D3-BF4B-00C04F79EFBC}") = "ITMartin.Library.Contracts", "ITMartin.Library.Contracts\ITMartin.Library.Contracts.csproj", "{E5F6A7B8-C9D0-1234-EF01-345678901234}"
EndProject
Project("{FAE04EC0-301F-11D3-BF4B-00C04F79EFBC}") = "ITMartin.Api", "ITMartin.Api\ITMartin.Api.csproj", "{6D06BF40-CE76-48ED-98D3-FD912975E953}"
EndProject
Project("{FAE04EC0-301F-11D3-BF4B-00C04F79EFBC}") = "ITMartin.Receipt.Tests", "ITMartin.Receipt.Tests\ITMartin.Receipt.Tests.csproj", "{F225734A-CFAD-4EDF-88D9-F75F2122838D}"
EndProject
Project("{FAE04EC0-301F-11D3-BF4B-00C04F79EFBC}") = "ITMartinAdhd.Domain", "ITMartinAdhd.Domain\ITMartinAdhd.Domain.csproj", "{1A2B3C4D-5E6F-7A8B-9C0D-E1F2A3B4C5D6}"
EndProject
Project("{FAE04EC0-301F-11D3-BF4B-00C04F79EFBC}") = "ITMartinAdhd.Application", "ITMartinAdhd.Application\ITMartinAdhd.Application.csproj", "{2B3C4D5E-6F7A-8B9C-0D1E-F2A3B4C5D6E7}"
EndProject
Project("{FAE04EC0-301F-11D3-BF4B-00C04F79EFBC}") = "ITMartinAdhd.Infrastructure", "ITMartinAdhd.Infrastructure\ITMartinAdhd.Infrastructure.csproj", "{3C4D5E6F-7A8B-9C0D-1E2F-A3B4C5D6E7F8}"
EndProject
Project("{FAE04EC0-301F-11D3-BF4B-00C04F79EFBC}") = "ITMartinAdhd.Server", "ITMartinAdhd.Server\ITMartinAdhd.Server.csproj", "{4D5E6F7A-8B9C-0D1E-2F3A-B4C5D6E7F8A9}"
EndProject
Project("{FAE04EC0-301F-11D3-BF4B-00C04F79EFBC}") = "ITMartinFamily.Domain", "ITMartinFamily.Domain\ITMartinFamily.Domain.csproj", "{22CDDB1E-BDE7-4BD8-9E6B-42EE678082F6}"
EndProject
Project("{FAE04EC0-301F-11D3-BF4B-00C04F79EFBC}") = "ITMartinFamily.Application", "ITMartinFamily.Application\ITMartinFamily.Application.csproj", "{7F063CE0-E1A9-4CD1-9DF7-88041EE1115D}"
EndProject
Project("{FAE04EC0-301F-11D3-BF4B-00C04F79EFBC}") = "ITMartinFamily.Infrastructure", "ITMartinFamily.Infrastructure\ITMartinFamily.Infrastructure.csproj", "{13E8E96A-A0D0-4E5B-A275-C1B5EB281CE2}"
EndProject
Project("{FAE04EC0-301F-11D3-BF4B-00C04F79EFBC}") = "ITMartinFamily.Server", "ITMartinFamily.Server\ITMartinFamily.Server.csproj", "{3302BFC5-8938-4416-8A9F-A3AEFE11BB4A}"
EndProject
Project("{FAE04EC0-301F-11D3-BF4B-00C04F79EFBC}") = "ITMartinMarket.Domain", "ITMartinMarket.Domain\ITMartinMarket.Domain.csproj", "{82D21160-955B-4BA9-99B9-704AB7DED9BD}"
EndProject
Project("{FAE04EC0-301F-11D3-BF4B-00C04F79EFBC}") = "ITMartinMarket.Application", "ITMartinMarket.Application\ITMartinMarket.Application.csproj", "{D3355E2F-4DC1-44F3-AC8D-DA6A65EE4F5F}"
EndProject
Project("{FAE04EC0-301F-11D3-BF4B-00C04F79EFBC}") = "ITMartinMarket.Infrastructure", "ITMartinMarket.Infrastructure\ITMartinMarket.Infrastructure.csproj", "{FBC7CACD-3771-4DDA-8B1A-97AF31C352AE}"
EndProject
Project("{FAE04EC0-301F-11D3-BF4B-00C04F79EFBC}") = "ITMartinMarket.Server", "ITMartinMarket.Server\ITMartinMarket.Server.csproj", "{2A8BA1E2-0EE9-4AAC-B219-78AE97BF1539}"
EndProject
Project("{FAE04EC0-301F-11D3-BF4B-00C04F79EFBC}") = "ITMartinFileSorter.Gallery.Server", "ITMartinFileSorter.Gallery.Server\ITMartinFileSorter.Gallery.Server.csproj", "{319B4DCA-6B7A-4852-8051-4C095CD69758}"
EndProject
Project("{FAE04EC0-301F-11D3-BF4B-00C04F79EFBC}") = "ITMartin.Curator.Server", "ITMartin.Curator.Server\ITMartin.Curator.Server.csproj", "{54DC15E5-7F00-46E5-A22F-4AACA451F9D6}"
EndProject
Project("{FAE04EC0-301F-11D3-BF4B-00C04F79EFBC}") = "ITMartin.MagicCollection.Server", "ITMartin.MagicCollection.Server\ITMartin.MagicCollection.Server.csproj", "{A1B2C3D4-E5F6-7890-ABCD-EF1234567890}"
EndProject
Project("{FAE04EC0-301F-11D3-BF4B-00C04F79EFBC}") = "ITMartinLibrary.Search.Server", "ITMartinLibrary.Search.Server\ITMartinLibrary.Search.Server.csproj", "{B2C3D4E5-F6A7-8901-BCDE-F12345678901}"
EndProject
Project("{FAE04EC0-301F-11D3-BF4B-00C04F79EFBC}") = "ITMartinMusic.Server", "ITMartinMusic.Server\ITMartinMusic.Server.csproj", "{3301296B-994E-4371-9595-07D34CE2617A}"
EndProject
Project("{FAE04EC0-301F-11D3-BF4B-00C04F79EFBC}") = "ITMartinClub.Server", "ITMartinClub.Server\ITMartinClub.Server.csproj", "{5D37D8D2-2F03-4BBC-98B0-E40B82B91183}"
EndProject
Project("{FAE04EC0-301F-11D3-BF4B-00C04F79EFBC}") = "ITMartinMagazine.Server", "ITMartinMagazine.Server\ITMartinMagazine.Server.csproj", "{A1B2C3D4-E5F6-7890-ABCD-EF1234567801}"
EndProject
Project("{FAE04EC0-301F-11D3-BF4B-00C04F79EFBC}") = "ITMartinMagazine.Search.Server", "ITMartinMagazine.Search.Server\ITMartinMagazine.Search.Server.csproj", "{A1B2C3D4-E5F6-7890-ABCD-EF1234567802}"
EndProject
Project("{FAE04EC0-301F-11D3-BF4B-00C04F79EFBC}") = "ITMartinMusikStudio.Server", "ITMartinMusikStudio.Server\ITMartinMusikStudio.Server.csproj", "{A1B2C3D4-E5F6-7890-ABCD-EF1234567803}"
EndProject
Project("{FAE04EC0-301F-11D3-BF4B-00C04F79EFBC}") = "ITMartinMusicGame", "ITMartinMusicGame\ITMartinMusicGame.csproj", "{A6068401-9B8B-4847-BCE1-2795E4AA864B}"
EndProject
Project("{FAE04EC0-301F-11D3-BF4B-00C04F79EFBC}") = "ITMartinScan.Server", "ITMartinScan.Server\ITMartinScan.Server.csproj", "{62E44FAB-403F-4A74-9707-C1356BA90F46}"
EndProject
Project("{FAE04EC0-301F-11D3-BF4B-00C04F79EFBC}") = "ITMartinR6Intel.Server", "ITMartinR6Intel.Server\ITMartinR6Intel.Server.csproj", "{CCC1334B-B4E0-48A0-BD68-D9F2731BAE86}"
EndProject
Project("{FAE04EC0-301F-11D3-BF4B-00C04F79EFBC}") = "ITMartin.FamilieOverblik.Domain", "ITMartin.FamilieOverblik.Domain\ITMartin.FamilieOverblik.Domain.csproj", "{AB04937D-E8D4-4247-955A-1E96B09C8B48}"
EndProject
Project("{FAE04EC0-301F-11D3-BF4B-00C04F79EFBC}") = "ITMartin.FamilieOverblik.Infrastructure", "ITMartin.FamilieOverblik.Infrastructure\ITMartin.FamilieOverblik.Infrastructure.csproj", "{DF28C162-48A1-45E5-9FE5-B2B35396F4C6}"
EndProject
Project("{FAE04EC0-301F-11D3-BF4B-00C04F79EFBC}") = "ITMartinDailyBrief.Server", "ITMartinDailyBrief.Server\ITMartinDailyBrief.Server.csproj", "{721132E6-342C-4E31-9703-519EBC0A72BE}"
EndProject
Project("{FAE04EC0-301F-11D3-BF4B-00C04F79EFBC}") = "ITMartinTests", "ITMartinTests\ITMartinTests.csproj", "{3CC60E0C-9574-4592-AA1B-B17422639197}"
EndProject
Project("{FAE04EC0-301F-11D3-BF4B-00C04F79EFBC}") = "ITMartinUret.Server", "ITMartinUret.Server\ITMartinUret.Server.csproj", "{073AB1F6-547B-41C2-9DBA-1C5CF214CABA}"
EndProject
Project("{FAE04EC0-301F-11D3-BF4B-00C04F79EFBC}") = "ITMartinUret.Tests", "ITMartinUret.Tests\ITMartinUret.Tests.csproj", "{E9F78884-CFEA-4669-8EDE-19357BC6DBBF}"
EndProject
Project("{FAE04EC0-301F-11D3-BF4B-00C04F79EFBC}") = "ITMartinStream.Server", "ITMartinStream.Server\ITMartinStream.Server.csproj", "{8DAF6201-AC80-4F42-B2DD-FF6A60B9EA1F}"
EndProject
Project("{FAE04EC0-301F-11D3-BF4B-00C04F79EFBC}") = "ITMartin.Magic.Tests", "ITMartin.Magic.Tests\ITMartin.Magic.Tests.csproj", "{AC30508E-F2BE-48D4-8356-AD338504D848}"
EndProject
Project("{FAE04EC0-301F-11D3-BF4B-00C04F79EFBC}") = "ITMartinStarRealms.Server", "ITMartinStarRealms.Server\ITMartinStarRealms.Server.csproj", "{CDCECA73-B37E-41CF-AC0C-91120B6740FC}"
EndProject
Project("{FAE04EC0-301F-11D3-BF4B-00C04F79EFBC}") = "ITMartinPdf.Server", "ITMartinPdf.Server\ITMartinPdf.Server.csproj", "{BAD8083F-2F81-4425-9BBA-14015FC1DC44}"
EndProject
Project("{FAE04EC0-301F-11D3-BF4B-00C04F79EFBC}") = "ITMartinElPriser.Server", "ITMartinElPriser.Server\ITMartinElPriser.Server.csproj", "{E9C55F09-1D6C-48F9-AD50-68739A7A9374}"
EndProject
Project("{FAE04EC0-301F-11D3-BF4B-00C04F79EFBC}") = "ITMartinKaraoke.Server", "ITMartinKaraoke.Server\ITMartinKaraoke.Server.csproj", "{830EF274-CEEB-40C4-85E6-B82F5D62CF48}"
EndProject
Project("{FAE04EC0-301F-11D3-BF4B-00C04F79EFBC}") = "ITMartinMusicCheck.Server", "ITMartinMusicCheck.Server\ITMartinMusicCheck.Server.csproj", "{7DB78C0C-5CFA-46AE-B78A-1A2F96928BA7}"
EndProject
Project("{FAE04EC0-301F-11D3-BF4B-00C04F79EFBC}") = "ITMartinPlayer.Server", "ITMartinPlayer.Server\ITMartinPlayer.Server.csproj", "{3A40EB40-3EBD-477A-A416-3AD99DBE296B}"
EndProject
Project("{FAE04EC0-301F-11D3-BF4B-00C04F79EFBC}") = "ITMartinLiveGallery.Server", "ITMartinLiveGallery.Server\ITMartinLiveGallery.Server.csproj", "{73B89082-B3F9-43BF-AA82-E94AF5FF7D5C}"
EndProject
Global
	GlobalSection(SolutionConfigurationPlatforms) = preSolution
		Debug|Any CPU = Debug|Any CPU
		Release|Any CPU = Release|Any CPU
	EndGlobalSection
	GlobalSection(SolutionProperties) = preSolution
		HideSolutionNode = FALSE
	EndGlobalSection
	GlobalSection(ProjectConfigurationPlatforms) = postSolution
		{6FC17408-9C98-4F0D-88C9-B65480928538}.Debug|Any CPU.ActiveCfg = Debug|Any CPU
		{6FC17408-9C98-4F0D-88C9-B65480928538}.Debug|Any CPU.Build.0 = Debug|Any CPU
		{6FC17408-9C98-4F0D-88C9-B65480928538}.Release|Any CPU.ActiveCfg = Release|Any CPU
		{6FC17408-9C98-4F0D-88C9-B65480928538}.Release|Any CPU.Build.0 = Release|Any CPU
		{F2EAB6A0-E784-4C8D-9E13-22DEC1C47A5C}.Debug|Any CPU.ActiveCfg = Debug|Any CPU
		{F2EAB6A0-E784-4C8D-9E13-22DEC1C47A5C}.Debug|Any CPU.Build.0 = Debug|Any CPU
		{F2EAB6A0-E784-4C8D-9E13-22DEC1C47A5C}.Release|Any CPU.ActiveCfg = Release|Any CPU
		{F2EAB6A0-E784-4C8D-9E13-22DEC1C47A5C}.Release|Any CPU.Build.0 = Release|Any CPU
		{5C591080-BDD9-4A73-BCA2-643027D02555}.Debug|Any CPU.ActiveCfg = Debug|Any CPU
		{5C591080-BDD9-4A73-BCA2-643027D02555}.Debug|Any CPU.Build.0 = Debug|Any CPU
		{5C591080-BDD9-4A73-BCA2-643027D02555}.Release|Any CPU.ActiveCfg = Release|Any CPU
		{5C591080-BDD9-4A73-BCA2-643027D02555}.Release|Any CPU.Build.0 = Release|Any CPU
		{4C873601-C0F6-429B-9919-CD277F56B415}.Debug|Any CPU.ActiveCfg = Debug|Any CPU
		{4C873601-C0F6-429B-9919-CD277F56B415}.Debug|Any CPU.Build.0 = Debug|Any CPU
		{4C873601-C0F6-429B-9919-CD277F56B415}.Release|Any CPU.ActiveCfg = Release|Any CPU
		{4C873601-C0F6-429B-9919-CD277F56B415}.Release|Any CPU.Build.0 = Release|Any CPU
		{FA388661-CB5F-43B9-8458-4F7FC4CF5C0A}.Debug|Any CPU.ActiveCfg = Debug|Any CPU
		{FA388661-CB5F-43B9-8458-4F7FC4CF5C0A}.Debug|Any CPU.Build.0 = Debug|Any CPU
		{FA388661-CB5F-43B9-8458-4F7FC4CF5C0A}.Release|Any CPU.ActiveCfg = Release|Any CPU
		{FA388661-CB5F-43B9-8458-4F7FC4CF5C0A}.Release|Any CPU.Build.0 = Release|Any CPU
		{4850A240-2B03-4D89-ABBB-F09F912F62F8}.Debug|Any CPU.ActiveCfg = Debug|Any CPU
		{4850A240-2B03-4D89-ABBB-F09F912F62F8}.Debug|Any CPU.Build.0 = Debug|Any CPU
		{4850A240-2B03-4D89-ABBB-F09F912F62F8}.Release|Any CPU.ActiveCfg = Release|Any CPU
		{4850A240-2B03-4D89-ABBB-F09F912F62F8}.Release|Any CPU.Build.0 = Release|Any CPU
		{4132B487-A60D-40E8-9A6A-061354F917E0}.Debug|Any CPU.ActiveCfg = Debug|Any CPU
		{4132B487-A60D-40E8-9A6A-061354F917E0}.Debug|Any CPU.Build.0 = Debug|Any CPU
		{4132B487-A60D-40E8-9A6A-061354F917E0}.Release|Any CPU.ActiveCfg = Release|Any CPU
		{4132B487-A60D-40E8-9A6A-061354F917E0}.Release|Any CPU.Build.0 = Release|Any CPU
		{887DD214-74E5-49A5-84AB-192AED9D532A}.Debug|Any CPU.ActiveCfg = Debug|Any CPU
		{887DD214-74E5-49A5-84AB-192AED9D532A}.Debug|Any CPU.Build.0 = Debug|Any CPU
		{887DD214-74E5-49A5-84AB-192AED9D532A}.Release|Any CPU.ActiveCfg = Release|Any CPU
		{887DD214-74E5-49A5-84AB-192AED9D532A}.Release|Any CPU.Build.0 = Release|Any CPU
		{0EE7AACA-F6C6-455F-89FB-422707DEDB71}.Debug|Any CPU.ActiveCfg = Debug|Any CPU
		{0EE7AACA-F6C6-455F-89FB-422707DEDB71}.Debug|Any CPU.Build.0 = Debug|Any CPU
		{0EE7AACA-F6C6-455F-89FB-422707DEDB71}.Release|Any CPU.ActiveCfg = Release|Any CPU
		{0EE7AACA-F6C6-455F-89FB-422707DEDB71}.Release|Any CPU.Build.0 = Release|Any CPU
		{5964C197-6D07-4D55-9CF3-2D77A4AB3454}.Debug|Any CPU.ActiveCfg = Debug|Any CPU
		{5964C197-6D07-4D55-9CF3-2D77A4AB3454}.Debug|Any CPU.Build.0 = Debug|Any CPU
		{5964C197-6D07-4D55-9CF3-2D77A4AB3454}.Release|Any CPU.ActiveCfg = Release|Any CPU
		{5964C197-6D07-4D55-9CF3-2D77A4AB3454}.Release|Any CPU.Build.0 = Release|Any CPU
		{FB33427F-84ED-4CCF-BFAA-CF38EDB6186D}.Debug|Any CPU.ActiveCfg = Debug|Any CPU
		{FB33427F-84ED-4CCF-BFAA-CF38EDB6186D}.Debug|Any CPU.Build.0 = Debug|Any CPU
		{FB33427F-84ED-4CCF-BFAA-CF38EDB6186D}.Release|Any CPU.ActiveCfg = Release|Any CPU
		{FB33427F-84ED-4CCF-BFAA-CF38EDB6186D}.Release|Any CPU.Build.0 = Release|Any CPU
		{7EA8C572-DC60-4AE4-9967-8697735D4040}.Debug|Any CPU.ActiveCfg = Debug|Any CPU
		{7EA8C572-DC60-4AE4-9967-8697735D4040}.Debug|Any CPU.Build.0 = Debug|Any CPU
		{7EA8C572-DC60-4AE4-9967-8697735D4040}.Release|Any CPU.ActiveCfg = Release|Any CPU
		{7EA8C572-DC60-4AE4-9967-8697735D4040}.Release|Any CPU.Build.0 = Release|Any CPU
		{D5E181C0-9D14-4D0A-B712-79014673F4D4}.Debug|Any CPU.ActiveCfg = Debug|Any CPU
		{D5E181C0-9D14-4D0A-B712-79014673F4D4}.Debug|Any CPU.Build.0 = Debug|Any CPU
		{D5E181C0-9D14-4D0A-B712-79014673F4D4}.Release|Any CPU.ActiveCfg = Release|Any CPU
		{D5E181C0-9D14-4D0A-B712-79014673F4D4}.Release|Any CPU.Build.0 = Release|Any CPU
		{18E4BD65-F552-4A83-96D8-010B2E74A5ED}.Debug|Any CPU.ActiveCfg = Debug|Any CPU
		{18E4BD65-F552-4A83-96D8-010B2E74A5ED}.Debug|Any CPU.Build.0 = Debug|Any CPU
		{18E4BD65-F552-4A83-96D8-010B2E74A5ED}.Release|Any CPU.ActiveCfg = Release|Any CPU
		{18E4BD65-F552-4A83-96D8-010B2E74A5ED}.Release|Any CPU.Build.0 = Release|Any CPU
		{4098DE8A-6E90-49E7-A228-3427C4577457}.Debug|Any CPU.ActiveCfg = Debug|Any CPU
		{4098DE8A-6E90-49E7-A228-3427C4577457}.Debug|Any CPU.Build.0 = Debug|Any CPU
		{4098DE8A-6E90-49E7-A228-3427C4577457}.Release|Any CPU.ActiveCfg = Release|Any CPU
		{4098DE8A-6E90-49E7-A228-3427C4577457}.Release|Any CPU.Build.0 = Release|Any CPU
		{369DACB8-1AE8-4B24-8214-74A46BCADF17}.Debug|Any CPU.ActiveCfg = Debug|Any CPU
		{369DACB8-1AE8-4B24-8214-74A46BCADF17}.Debug|Any CPU.Build.0 = Debug|Any CPU
		{369DACB8-1AE8-4B24-8214-74A46BCADF17}.Release|Any CPU.ActiveCfg = Release|Any CPU
		{369DACB8-1AE8-4B24-8214-74A46BCADF17}.Release|Any CPU.Build.0 = Release|Any CPU
		{9DD18404-3ADC-4EBB-AC15-7B867C209C14}.Debug|Any CPU.ActiveCfg = Debug|Any CPU
		{9DD18404-3ADC-4EBB-AC15-7B867C209C14}.Debug|Any CPU.Build.0 = Debug|Any CPU
		{9DD18404-3ADC-4EBB-AC15-7B867C209C14}.Release|Any CPU.ActiveCfg = Release|Any CPU
		{9DD18404-3ADC-4EBB-AC15-7B867C209C14}.Release|Any CPU.Build.0 = Release|Any CPU
		{AE844599-AEFA-43B3-8299-1C08E671A48C}.Debug|Any CPU.ActiveCfg = Debug|Any CPU
		{AE844599-AEFA-43B3-8299-1C08E671A48C}.Debug|Any CPU.Build.0 = Debug|Any CPU
		{AE844599-AEFA-43B3-8299-1C08E671A48C}.Release|Any CPU.ActiveCfg = Release|Any CPU
		{AE844599-AEFA-43B3-8299-1C08E671A48C}.Release|Any CPU.Build.0 = Release|Any CPU
		{40577C6C-7468-45A4-B066-833CCC3B0CA0}.Debug|Any CPU.ActiveCfg = Debug|Any CPU
		{40577C6C-7468-45A4-B066-833CCC3B0CA0}.Debug|Any CPU.Build.0 = Debug|Any CPU
		{40577C6C-7468-45A4-B066-833CCC3B0CA0}.Release|Any CPU.ActiveCfg = Release|Any CPU
		{40577C6C-7468-45A4-B066-833CCC3B0CA0}.Release|Any CPU.Build.0 = Release|Any CPU
		{8D0B09D6-935F-4077-9EED-60338C6D418A}.Debug|Any CPU.ActiveCfg = Debug|Any CPU
		{8D0B09D6-935F-4077-9EED-60338C6D418A}.Debug|Any CPU.Build.0 = Debug|Any CPU
		{8D0B09D6-935F-4077-9EED-60338C6D418A}.Release|Any CPU.ActiveCfg = Release|Any CPU
		{8D0B09D6-935F-4077-9EED-60338C6D418A}.Release|Any CPU.Build.0 = Release|Any CPU
		{43E6BB31-19BE-467C-A844-AE2B1071C7CE}.Debug|Any CPU.ActiveCfg = Debug|Any CPU
		{43E6BB31-19BE-467C-A844-AE2B1071C7CE}.Debug|Any CPU.Build.0 = Debug|Any CPU
		{43E6BB31-19BE-467C-A844-AE2B1071C7CE}.Release|Any CPU.ActiveCfg = Release|Any CPU
		{43E6BB31-19BE-467C-A844-AE2B1071C7CE}.Release|Any CPU.Build.0 = Release|Any CPU
		{10885FEC-196D-4889-B968-975AD7DE8756}.Debug|Any CPU.ActiveCfg = Debug|Any CPU
		{10885FEC-196D-4889-B968-975AD7DE8756}.Debug|Any CPU.Build.0 = Debug|Any CPU
		{10885FEC-196D-4889-B968-975AD7DE8756}.Release|Any CPU.ActiveCfg = Release|Any CPU
		{10885FEC-196D-4889-B968-975AD7DE8756}.Release|Any CPU.Build.0 = Release|Any CPU
		{891FC615-CC53-4B49-A980-69CD6B7D3739}.Debug|Any CPU.ActiveCfg = Debug|Any CPU
		{891FC615-CC53-4B49-A980-69CD6B7D3739}.Debug|Any CPU.Build.0 = Debug|Any CPU
		{891FC615-CC53-4B49-A980-69CD6B7D3739}.Release|Any CPU.ActiveCfg = Release|Any CPU
		{891FC615-CC53-4B49-A980-69CD6B7D3739}.Release|Any CPU.Build.0 = Release|Any CPU
		{65643A57-5437-4099-8258-793460566044}.Debug|Any CPU.ActiveCfg = Debug|Any CPU
		{65643A57-5437-4099-8258-793460566044}.Debug|Any CPU.Build.0 = Debug|Any CPU
		{65643A57-5437-4099-8258-793460566044}.Release|Any CPU.ActiveCfg = Release|Any CPU
		{65643A57-5437-4099-8258-793460566044}.Release|Any CPU.Build.0 = Release|Any CPU
		{7F90EFD7-B3A0-4D36-8314-0C63FA1EF98E}.Debug|Any CPU.ActiveCfg = Debug|Any CPU
		{7F90EFD7-B3A0-4D36-8314-0C63FA1EF98E}.Debug|Any CPU.Build.0 = Debug|Any CPU
		{7F90EFD7-B3A0-4D36-8314-0C63FA1EF98E}.Release|Any CPU.ActiveCfg = Release|Any CPU
		{7F90EFD7-B3A0-4D36-8314-0C63FA1EF98E}.Release|Any CPU.Build.0 = Release|Any CPU
		{31125265-41A6-4542-8ECA-23D8D97CC4F4}.Debug|Any CPU.ActiveCfg = Debug|Any CPU
		{31125265-41A6-4542-8ECA-23D8D97CC4F4}.Debug|Any CPU.Build.0 = Debug|Any CPU
		{31125265-41A6-4542-8ECA-23D8D97CC4F4}.Release|Any CPU.ActiveCfg = Release|Any CPU
		{31125265-41A6-4542-8ECA-23D8D97CC4F4}.Release|Any CPU.Build.0 = Release|Any CPU
		{FA224F40-81B1-4D86-8179-2C082E3D727A}.Debug|Any CPU.ActiveCfg = Debug|Any CPU
		{FA224F40-81B1-4D86-8179-2C082E3D727A}.Debug|Any CPU.Build.0 = Debug|Any CPU
		{FA224F40-81B1-4D86-8179-2C082E3D727A}.Release|Any CPU.ActiveCfg = Release|Any CPU
		{FA224F40-81B1-4D86-8179-2C082E3D727A}.Release|Any CPU.Build.0 = Release|Any CPU
		{0870F638-6C05-4497-BC40-0F3C47ED653C}.Debug|Any CPU.ActiveCfg = Debug|Any CPU
		{0870F638-6C05-4497-BC40-0F3C47ED653C}.Debug|Any CPU.Build.0 = Debug|Any CPU
		{0870F638-6C05-4497-BC40-0F3C47ED653C}.Release|Any CPU.ActiveCfg = Release|Any CPU
		{0870F638-6C05-4497-BC40-0F3C47ED653C}.Release|Any CPU.Build.0 = Release|Any CPU
		{9C5B9AEC-F295-430C-B5DF-D5A6ABA5517D}.Debug|Any CPU.ActiveCfg = Debug|Any CPU
		{9C5B9AEC-F295-430C-B5DF-D5A6ABA5517D}.Debug|Any CPU.Build.0 = Debug|Any CPU
		{9C5B9AEC-F295-430C-B5DF-D5A6ABA5517D}.Release|Any CPU.ActiveCfg = Release|Any CPU
		{9C5B9AEC-F295-430C-B5DF-D5A6ABA5517D}.Release|Any CPU.Build.0 = Release|Any CPU
		{9289FA43-5742-43E4-9FF8-7ECC8C1B1835}.Debug|Any CPU.ActiveCfg = Debug|Any CPU
		{9289FA43-5742-43E4-9FF8-7ECC8C1B1835}.Debug|Any CPU.Build.0 = Debug|Any CPU
		{9289FA43-5742-43E4-9FF8-7ECC8C1B1835}.Release|Any CPU.ActiveCfg = Release|Any CPU
		{9289FA43-5742-43E4-9FF8-7ECC8C1B1835}.Release|Any CPU.Build.0 = Release|Any CPU
		{D31D3163-A6FF-4144-A610-68FFB6D78CE6}.Debug|Any CPU.ActiveCfg = Debug|Any CPU
		{D31D3163-A6FF-4144-A610-68FFB6D78CE6}.Debug|Any CPU.Build.0 = Debug|Any CPU
		{D31D3163-A6FF-4144-A610-68FFB6D78CE6}.Release|Any CPU.ActiveCfg = Release|Any CPU
		{D31D3163-A6FF-4144-A610-68FFB6D78CE6}.Release|Any CPU.Build.0 = Release|Any CPU
		{3009634E-DCB6-4498-AEE2-00A4FDF5B6A4}.Debug|Any CPU.ActiveCfg = Debug|Any CPU
		{3009634E-DCB6-4498-AEE2-00A4FDF5B6A4}.Debug|Any CPU.Build.0 = Debug|Any CPU
		{3009634E-DCB6-4498-AEE2-00A4FDF5B6A4}.Release|Any CPU.ActiveCfg = Release|Any CPU
		{3009634E-DCB6-4498-AEE2-00A4FDF5B6A4}.Release|Any CPU.Build.0 = Release|Any CPU
		{4007E019-BB59-4A0A-81DE-E1C6BE449173}.Debug|Any CPU.ActiveCfg = Debug|Any CPU
		{4007E019-BB59-4A0A-81DE-E1C6BE449173}.Debug|Any CPU.Build.0 = Debug|Any CPU
		{4007E019-BB59-4A0A-81DE-E1C6BE449173}.Release|Any CPU.ActiveCfg = Release|Any CPU
		{4007E019-BB59-4A0A-81DE-E1C6BE449173}.Release|Any CPU.Build.0 = Release|Any CPU
		{7DCDBF9E-6BCE-4FAF-ACEB-C220FE513D09}.Debug|Any CPU.ActiveCfg = Debug|Any CPU
		{7DCDBF9E-6BCE-4FAF-ACEB-C220FE513D09}.Debug|Any CPU.Build.0 = Debug|Any CPU
		{7DCDBF9E-6BCE-4FAF-ACEB-C220FE513D09}.Release|Any CPU.ActiveCfg = Release|Any CPU
		{7DCDBF9E-6BCE-4FAF-ACEB-C220FE513D09}.Release|Any CPU.Build.0 = Release|Any CPU
		{AB28A0EB-F523-4323-A4D5-C43FAB8997EF}.Debug|Any CPU.ActiveCfg = Debug|Any CPU
		{AB28A0EB-F523-4323-A4D5-C43FAB8997EF}.Debug|Any CPU.Build.0 = Debug|Any CPU
		{AB28A0EB-F523-4323-A4D5-C43FAB8997EF}.Release|Any CPU.ActiveCfg = Release|Any CPU
		{AB28A0EB-F523-4323-A4D5-C43FAB8997EF}.Release|Any CPU.Build.0 = Release|Any CPU
		{D77F1089-32F3-4D2C-960D-87E0F22BDD38}.Debug|Any CPU.ActiveCfg = Debug|Any CPU
		{D77F1089-32F3-4D2C-960D-87E0F22BDD38}.Debug|Any CPU.Build.0 = Debug|Any CPU
		{D77F1089-32F3-4D2C-960D-87E0F22BDD38}.Release|Any CPU.ActiveCfg = Release|Any CPU
		{D77F1089-32F3-4D2C-960D-87E0F22BDD38}.Release|Any CPU.Build.0 = Release|Any CPU
		{CE8B0904-E3F1-4E54-8AE9-B370B39EC5F6}.Debug|Any CPU.ActiveCfg = Debug|Any CPU
		{CE8B0904-E3F1-4E54-8AE9-B370B39EC5F6}.Debug|Any CPU.Build.0 = Debug|Any CPU
		{CE8B0904-E3F1-4E54-8AE9-B370B39EC5F6}.Release|Any CPU.ActiveCfg = Release|Any CPU
		{CE8B0904-E3F1-4E54-8AE9-B370B39EC5F6}.Release|Any CPU.Build.0 = Release|Any CPU
		{29FC9253-FD61-446C-8A2C-4A53E2862019}.Debug|Any CPU.ActiveCfg = Debug|Any CPU
		{29FC9253-FD61-446C-8A2C-4A53E2862019}.Debug|Any CPU.Build.0 = Debug|Any CPU
		{29FC9253-FD61-446C-8A2C-4A53E2862019}.Release|Any CPU.ActiveCfg = Release|Any CPU
		{29FC9253-FD61-446C-8A2C-4A53E2862019}.Release|Any CPU.Build.0 = Release|Any CPU
		{8C9BC80B-221D-44F8-B42E-109F842C9FF0}.Debug|Any CPU.ActiveCfg = Debug|Any CPU
		{8C9BC80B-221D-44F8-B42E-109F842C9FF0}.Debug|Any CPU.Build.0 = Debug|Any CPU
		{8C9BC80B-221D-44F8-B42E-109F842C9FF0}.Release|Any CPU.ActiveCfg = Release|Any CPU
		{8C9BC80B-221D-44F8-B42E-109F842C9FF0}.Release|Any CPU.Build.0 = Release|Any CPU
		{737790BE-1A17-4EBC-983B-FD40FD513E70}.Debug|Any CPU.ActiveCfg = Debug|Any CPU
		{737790BE-1A17-4EBC-983B-FD40FD513E70}.Debug|Any CPU.Build.0 = Debug|Any CPU
		{737790BE-1A17-4EBC-983B-FD40FD513E70}.Release|Any CPU.ActiveCfg = Release|Any CPU
		{737790BE-1A17-4EBC-983B-FD40FD513E70}.Release|Any CPU.Build.0 = Release|Any CPU
		{54C4B03A-1C67-4A20-846C-622AF826B28A}.Debug|Any CPU.ActiveCfg = Debug|Any CPU
		{54C4B03A-1C67-4A20-846C-622AF826B28A}.Debug|Any CPU.Build.0 = Debug|Any CPU
		{54C4B03A-1C67-4A20-846C-622AF826B28A}.Release|Any CPU.ActiveCfg = Release|Any CPU
		{54C4B03A-1C67-4A20-846C-622AF826B28A}.Release|Any CPU.Build.0 = Release|Any CPU
		{5BAF7AC7-FACD-4B91-8E02-56470F4A0EC3}.Debug|Any CPU.ActiveCfg = Debug|Any CPU
		{5BAF7AC7-FACD-4B91-8E02-56470F4A0EC3}.Debug|Any CPU.Build.0 = Debug|Any CPU
		{5BAF7AC7-FACD-4B91-8E02-56470F4A0EC3}.Release|Any CPU.ActiveCfg = Release|Any CPU
		{5BAF7AC7-FACD-4B91-8E02-56470F4A0EC3}.Release|Any CPU.Build.0 = Release|Any CPU
		{90F4758E-FCEA-4C08-AB69-98E3185C1133}.Debug|Any CPU.ActiveCfg = Debug|Any CPU
		{90F4758E-FCEA-4C08-AB69-98E3185C1133}.Debug|Any CPU.Build.0 = Debug|Any CPU
		{90F4758E-FCEA-4C08-AB69-98E3185C1133}.Release|Any CPU.ActiveCfg = Release|Any CPU
		{90F4758E-FCEA-4C08-AB69-98E3185C1133}.Release|Any CPU.Build.0 = Release|Any CPU
		{A43FE91A-51AB-4568-9752-FF76944F73DD}.Debug|Any CPU.ActiveCfg = Debug|Any CPU
		{A43FE91A-51AB-4568-9752-FF76944F73DD}.Debug|Any CPU.Build.0 = Debug|Any CPU
		{A43FE91A-51AB-4568-9752-FF76944F73DD}.Release|Any CPU.ActiveCfg = Release|Any CPU
		{A43FE91A-51AB-4568-9752-FF76944F73DD}.Release|Any CPU.Build.0 = Release|Any CPU
		{9D8415D2-C2B9-4375-A713-389694BBEFED}.Debug|Any CPU.ActiveCfg = Debug|Any CPU
		{9D8415D2-C2B9-4375-A713-389694BBEFED}.Debug|Any CPU.Build.0 = Debug|Any CPU
		{9D8415D2-C2B9-4375-A713-389694BBEFED}.Release|Any CPU.ActiveCfg = Release|Any CPU
		{9D8415D2-C2B9-4375-A713-389694BBEFED}.Release|Any CPU.Build.0 = Release|Any CPU
		{C0BEC551-3340-44F9-BA49-229E6E9B60AD}.Debug|Any CPU.ActiveCfg = Debug|Any CPU
		{C0BEC551-3340-44F9-BA49-229E6E9B60AD}.Debug|Any CPU.Build.0 = Debug|Any CPU
		{C0BEC551-3340-44F9-BA49-229E6E9B60AD}.Release|Any CPU.ActiveCfg = Release|Any CPU
		{C0BEC551-3340-44F9-BA49-229E6E9B60AD}.Release|Any CPU.Build.0 = Release|Any CPU
		{3FD96F72-C354-4F5C-BEA5-DC3F92DE8646}.Debug|Any CPU.ActiveCfg = Debug|Any CPU
		{3FD96F72-C354-4F5C-BEA5-DC3F92DE8646}.Debug|Any CPU.Build.0 = Debug|Any CPU
		{3FD96F72-C354-4F5C-BEA5-DC3F92DE8646}.Release|Any CPU.ActiveCfg = Release|Any CPU
		{3FD96F72-C354-4F5C-BEA5-DC3F92DE8646}.Release|Any CPU.Build.0 = Release|Any CPU
		{A1B2C3D4-E5F6-7890-ABCD-EF1234567890}.Debug|Any CPU.ActiveCfg = Debug|Any CPU
		{A1B2C3D4-E5F6-7890-ABCD-EF1234567890}.Debug|Any CPU.Build.0 = Debug|Any CPU
		{A1B2C3D4-E5F6-7890-ABCD-EF1234567890}.Release|Any CPU.ActiveCfg = Release|Any CPU
		{A1B2C3D4-E5F6-7890-ABCD-EF1234567890}.Release|Any CPU.Build.0 = Release|Any CPU
		{B2C3D4E5-F6A7-8901-BCDE-F12345678901}.Debug|Any CPU.ActiveCfg = Debug|Any CPU
		{B2C3D4E5-F6A7-8901-BCDE-F12345678901}.Debug|Any CPU.Build.0 = Debug|Any CPU
		{B2C3D4E5-F6A7-8901-BCDE-F12345678901}.Release|Any CPU.ActiveCfg = Release|Any CPU
		{B2C3D4E5-F6A7-8901-BCDE-F12345678901}.Release|Any CPU.Build.0 = Release|Any CPU
		{C3D4E5F6-A7B8-9012-CDEF-123456789012}.Debug|Any CPU.ActiveCfg = Debug|Any CPU
		{C3D4E5F6-A7B8-9012-CDEF-123456789012}.Debug|Any CPU.Build.0 = Debug|Any CPU
		{C3D4E5F6-A7B8-9012-CDEF-123456789012}.Release|Any CPU.ActiveCfg = Release|Any CPU
		{C3D4E5F6-A7B8-9012-CDEF-123456789012}.Release|Any CPU.Build.0 = Release|Any CPU
		{D4E5F6A7-B8C9-0123-DEF0-234567890123}.Debug|Any CPU.ActiveCfg = Debug|Any CPU
		{D4E5F6A7-B8C9-0123-DEF0-234567890123}.Debug|Any CPU.Build.0 = Debug|Any CPU
		{D4E5F6A7-B8C9-0123-DEF0-234567890123}.Release|Any CPU.ActiveCfg = Release|Any CPU
		{D4E5F6A7-B8C9-0123-DEF0-234567890123}.Release|Any CPU.Build.0 = Release|Any CPU
		{E5F6A7B8-C9D0-1234-EF01-345678901234}.Debug|Any CPU.ActiveCfg = Debug|Any CPU
		{E5F6A7B8-C9D0-1234-EF01-345678901234}.Debug|Any CPU.Build.0 = Debug|Any CPU
		{E5F6A7B8-C9D0-1234-EF01-345678901234}.Release|Any CPU.ActiveCfg = Release|Any CPU
		{E5F6A7B8-C9D0-1234-EF01-345678901234}.Release|Any CPU.Build.0 = Release|Any CPU
		{6D06BF40-CE76-48ED-98D3-FD912975E953}.Debug|Any CPU.ActiveCfg = Debug|Any CPU
		{6D06BF40-CE76-48ED-98D3-FD912975E953}.Debug|Any CPU.Build.0 = Debug|Any CPU
		{6D06BF40-CE76-48ED-98D3-FD912975E953}.Release|Any CPU.ActiveCfg = Release|Any CPU
		{6D06BF40-CE76-48ED-98D3-FD912975E953}.Release|Any CPU.Build.0 = Release|Any CPU
		{F225734A-CFAD-4EDF-88D9-F75F2122838D}.Debug|Any CPU.ActiveCfg = Debug|Any CPU
		{F225734A-CFAD-4EDF-88D9-F75F2122838D}.Debug|Any CPU.Build.0 = Debug|Any CPU
		{F225734A-CFAD-4EDF-88D9-F75F2122838D}.Release|Any CPU.ActiveCfg = Release|Any CPU
		{F225734A-CFAD-4EDF-88D9-F75F2122838D}.Release|Any CPU.Build.0 = Release|Any CPU
		{1A2B3C4D-5E6F-7A8B-9C0D-E1F2A3B4C5D6}.Debug|Any CPU.ActiveCfg = Debug|Any CPU
		{1A2B3C4D-5E6F-7A8B-9C0D-E1F2A3B4C5D6}.Debug|Any CPU.Build.0 = Debug|Any CPU
		{1A2B3C4D-5E6F-7A8B-9C0D-E1F2A3B4C5D6}.Release|Any CPU.ActiveCfg = Release|Any CPU
		{1A2B3C4D-5E6F-7A8B-9C0D-E1F2A3B4C5D6}.Release|Any CPU.Build.0 = Release|Any CPU
		{2B3C4D5E-6F7A-8B9C-0D1E-F2A3B4C5D6E7}.Debug|Any CPU.ActiveCfg = Debug|Any CPU
		{2B3C4D5E-6F7A-8B9C-0D1E-F2A3B4C5D6E7}.Debug|Any CPU.Build.0 = Debug|Any CPU
		{2B3C4D5E-6F7A-8B9C-0D1E-F2A3B4C5D6E7}.Release|Any CPU.ActiveCfg = Release|Any CPU
		{2B3C4D5E-6F7A-8B9C-0D1E-F2A3B4C5D6E7}.Release|Any CPU.Build.0 = Release|Any CPU
		{3C4D5E6F-7A8B-9C0D-1E2F-A3B4C5D6E7F8}.Debug|Any CPU.ActiveCfg = Debug|Any CPU
		{3C4D5E6F-7A8B-9C0D-1E2F-A3B4C5D6E7F8}.Debug|Any CPU.Build.0 = Debug|Any CPU
		{3C4D5E6F-7A8B-9C0D-1E2F-A3B4C5D6E7F8}.Release|Any CPU.ActiveCfg = Release|Any CPU
		{3C4D5E6F-7A8B-9C0D-1E2F-A3B4C5D6E7F8}.Release|Any CPU.Build.0 = Release|Any CPU
		{4D5E6F7A-8B9C-0D1E-2F3A-B4C5D6E7F8A9}.Debug|Any CPU.ActiveCfg = Debug|Any CPU
		{4D5E6F7A-8B9C-0D1E-2F3A-B4C5D6E7F8A9}.Debug|Any CPU.Build.0 = Debug|Any CPU
		{4D5E6F7A-8B9C-0D1E-2F3A-B4C5D6E7F8A9}.Release|Any CPU.ActiveCfg = Release|Any CPU
		{4D5E6F7A-8B9C-0D1E-2F3A-B4C5D6E7F8A9}.Release|Any CPU.Build.0 = Release|Any CPU
		{22CDDB1E-BDE7-4BD8-9E6B-42EE678082F6}.Debug|Any CPU.ActiveCfg = Debug|Any CPU
		{22CDDB1E-BDE7-4BD8-9E6B-42EE678082F6}.Debug|Any CPU.Build.0 = Debug|Any CPU
		{22CDDB1E-BDE7-4BD8-9E6B-42EE678082F6}.Release|Any CPU.ActiveCfg = Release|Any CPU
		{22CDDB1E-BDE7-4BD8-9E6B-42EE678082F6}.Release|Any CPU.Build.0 = Release|Any CPU
		{7F063CE0-E1A9-4CD1-9DF7-88041EE1115D}.Debug|Any CPU.ActiveCfg = Debug|Any CPU
		{7F063CE0-E1A9-4CD1-9DF7-88041EE1115D}.Debug|Any CPU.Build.0 = Debug|Any CPU
		{7F063CE0-E1A9-4CD1-9DF7-88041EE1115D}.Release|Any CPU.ActiveCfg = Release|Any CPU
		{7F063CE0-E1A9-4CD1-9DF7-88041EE1115D}.Release|Any CPU.Build.0 = Release|Any CPU
		{13E8E96A-A0D0-4E5B-A275-C1B5EB281CE2}.Debug|Any CPU.ActiveCfg = Debug|Any CPU
		{13E8E96A-A0D0-4E5B-A275-C1B5EB281CE2}.Debug|Any CPU.Build.0 = Debug|Any CPU
		{13E8E96A-A0D0-4E5B-A275-C1B5EB281CE2}.Release|Any CPU.ActiveCfg = Release|Any CPU
		{13E8E96A-A0D0-4E5B-A275-C1B5EB281CE2}.Release|Any CPU.Build.0 = Release|Any CPU
		{3302BFC5-8938-4416-8A9F-A3AEFE11BB4A}.Debug|Any CPU.ActiveCfg = Debug|Any CPU
		{3302BFC5-8938-4416-8A9F-A3AEFE11BB4A}.Debug|Any CPU.Build.0 = Debug|Any CPU
		{3302BFC5-8938-4416-8A9F-A3AEFE11BB4A}.Release|Any CPU.ActiveCfg = Release|Any CPU
		{3302BFC5-8938-4416-8A9F-A3AEFE11BB4A}.Release|Any CPU.Build.0 = Release|Any CPU
		{82D21160-955B-4BA9-99B9-704AB7DED9BD}.Debug|Any CPU.ActiveCfg = Debug|Any CPU
		{82D21160-955B-4BA9-99B9-704AB7DED9BD}.Debug|Any CPU.Build.0 = Debug|Any CPU
		{82D21160-955B-4BA9-99B9-704AB7DED9BD}.Release|Any CPU.ActiveCfg = Release|Any CPU
		{82D21160-955B-4BA9-99B9-704AB7DED9BD}.Release|Any CPU.Build.0 = Release|Any CPU
		{D3355E2F-4DC1-44F3-AC8D-DA6A65EE4F5F}.Debug|Any CPU.ActiveCfg = Debug|Any CPU
		{D3355E2F-4DC1-44F3-AC8D-DA6A65EE4F5F}.Debug|Any CPU.Build.0 = Debug|Any CPU
		{D3355E2F-4DC1-44F3-AC8D-DA6A65EE4F5F}.Release|Any CPU.ActiveCfg = Release|Any CPU
		{D3355E2F-4DC1-44F3-AC8D-DA6A65EE4F5F}.Release|Any CPU.Build.0 = Release|Any CPU
		{FBC7CACD-3771-4DDA-8B1A-97AF31C352AE}.Debug|Any CPU.ActiveCfg = Debug|Any CPU
		{FBC7CACD-3771-4DDA-8B1A-97AF31C352AE}.Debug|Any CPU.Build.0 = Debug|Any CPU
		{FBC7CACD-3771-4DDA-8B1A-97AF31C352AE}.Release|Any CPU.ActiveCfg = Release|Any CPU
		{FBC7CACD-3771-4DDA-8B1A-97AF31C352AE}.Release|Any CPU.Build.0 = Release|Any CPU
		{2A8BA1E2-0EE9-4AAC-B219-78AE97BF1539}.Debug|Any CPU.ActiveCfg = Debug|Any CPU
		{2A8BA1E2-0EE9-4AAC-B219-78AE97BF1539}.Debug|Any CPU.Build.0 = Debug|Any CPU
		{2A8BA1E2-0EE9-4AAC-B219-78AE97BF1539}.Release|Any CPU.ActiveCfg = Release|Any CPU
		{2A8BA1E2-0EE9-4AAC-B219-78AE97BF1539}.Release|Any CPU.Build.0 = Release|Any CPU
		{319B4DCA-6B7A-4852-8051-4C095CD69758}.Debug|Any CPU.ActiveCfg = Debug|Any CPU
		{319B4DCA-6B7A-4852-8051-4C095CD69758}.Debug|Any CPU.Build.0 = Debug|Any CPU
		{319B4DCA-6B7A-4852-8051-4C095CD69758}.Release|Any CPU.ActiveCfg = Release|Any CPU
		{319B4DCA-6B7A-4852-8051-4C095CD69758}.Release|Any CPU.Build.0 = Release|Any CPU
		{54DC15E5-7F00-46E5-A22F-4AACA451F9D6}.Debug|Any CPU.ActiveCfg = Debug|Any CPU
		{54DC15E5-7F00-46E5-A22F-4AACA451F9D6}.Debug|Any CPU.Build.0 = Debug|Any CPU
		{54DC15E5-7F00-46E5-A22F-4AACA451F9D6}.Release|Any CPU.ActiveCfg = Release|Any CPU
		{54DC15E5-7F00-46E5-A22F-4AACA451F9D6}.Release|Any CPU.Build.0 = Release|Any CPU
		{3301296B-994E-4371-9595-07D34CE2617A}.Debug|Any CPU.ActiveCfg = Debug|Any CPU
		{3301296B-994E-4371-9595-07D34CE2617A}.Debug|Any CPU.Build.0 = Debug|Any CPU
		{3301296B-994E-4371-9595-07D34CE2617A}.Release|Any CPU.ActiveCfg = Release|Any CPU
		{3301296B-994E-4371-9595-07D34CE2617A}.Release|Any CPU.Build.0 = Release|Any CPU
		{5D37D8D2-2F03-4BBC-98B0-E40B82B91183}.Debug|Any CPU.ActiveCfg = Debug|Any CPU
		{5D37D8D2-2F03-4BBC-98B0-E40B82B91183}.Debug|Any CPU.Build.0 = Debug|Any CPU
		{5D37D8D2-2F03-4BBC-98B0-E40B82B91183}.Release|Any CPU.ActiveCfg = Release|Any CPU
		{5D37D8D2-2F03-4BBC-98B0-E40B82B91183}.Release|Any CPU.Build.0 = Release|Any CPU
		{A1B2C3D4-E5F6-7890-ABCD-EF1234567801}.Debug|Any CPU.ActiveCfg = Debug|Any CPU
		{A1B2C3D4-E5F6-7890-ABCD-EF1234567801}.Debug|Any CPU.Build.0 = Debug|Any CPU
		{A1B2C3D4-E5F6-7890-ABCD-EF1234567801}.Release|Any CPU.ActiveCfg = Release|Any CPU
		{A1B2C3D4-E5F6-7890-ABCD-EF1234567801}.Release|Any CPU.Build.0 = Release|Any CPU
		{A1B2C3D4-E5F6-7890-ABCD-EF1234567802}.Debug|Any CPU.ActiveCfg = Debug|Any CPU
		{A1B2C3D4-E5F6-7890-ABCD-EF1234567802}.Debug|Any CPU.Build.0 = Debug|Any CPU
		{A1B2C3D4-E5F6-7890-ABCD-EF1234567802}.Release|Any CPU.ActiveCfg = Release|Any CPU
		{A1B2C3D4-E5F6-7890-ABCD-EF1234567802}.Release|Any CPU.Build.0 = Release|Any CPU
		{A1B2C3D4-E5F6-7890-ABCD-EF1234567803}.Debug|Any CPU.ActiveCfg = Debug|Any CPU
		{A1B2C3D4-E5F6-7890-ABCD-EF1234567803}.Debug|Any CPU.Build.0 = Debug|Any CPU
		{A1B2C3D4-E5F6-7890-ABCD-EF1234567803}.Release|Any CPU.ActiveCfg = Release|Any CPU
		{A1B2C3D4-E5F6-7890-ABCD-EF1234567803}.Release|Any CPU.Build.0 = Release|Any CPU
		{A6068401-9B8B-4847-BCE1-2795E4AA864B}.Debug|Any CPU.ActiveCfg = Debug|Any CPU
		{A6068401-9B8B-4847-BCE1-2795E4AA864B}.Debug|Any CPU.Build.0 = Debug|Any CPU
		{A6068401-9B8B-4847-BCE1-2795E4AA864B}.Release|Any CPU.ActiveCfg = Release|Any CPU
		{A6068401-9B8B-4847-BCE1-2795E4AA864B}.Release|Any CPU.Build.0 = Release|Any CPU
		{62E44FAB-403F-4A74-9707-C1356BA90F46}.Debug|Any CPU.ActiveCfg = Debug|Any CPU
		{62E44FAB-403F-4A74-9707-C1356BA90F46}.Debug|Any CPU.Build.0 = Debug|Any CPU
		{62E44FAB-403F-4A74-9707-C1356BA90F46}.Release|Any CPU.ActiveCfg = Release|Any CPU
		{62E44FAB-403F-4A74-9707-C1356BA90F46}.Release|Any CPU.Build.0 = Release|Any CPU
		{CCC1334B-B4E0-48A0-BD68-D9F2731BAE86}.Debug|Any CPU.ActiveCfg = Debug|Any CPU
		{CCC1334B-B4E0-48A0-BD68-D9F2731BAE86}.Debug|Any CPU.Build.0 = Debug|Any CPU
		{CCC1334B-B4E0-48A0-BD68-D9F2731BAE86}.Release|Any CPU.ActiveCfg = Release|Any CPU
		{CCC1334B-B4E0-48A0-BD68-D9F2731BAE86}.Release|Any CPU.Build.0 = Release|Any CPU
		{AB04937D-E8D4-4247-955A-1E96B09C8B48}.Debug|Any CPU.ActiveCfg = Debug|Any CPU
		{AB04937D-E8D4-4247-955A-1E96B09C8B48}.Debug|Any CPU.Build.0 = Debug|Any CPU
		{AB04937D-E8D4-4247-955A-1E96B09C8B48}.Release|Any CPU.ActiveCfg = Release|Any CPU
		{AB04937D-E8D4-4247-955A-1E96B09C8B48}.Release|Any CPU.Build.0 = Release|Any CPU
		{DF28C162-48A1-45E5-9FE5-B2B35396F4C6}.Debug|Any CPU.ActiveCfg = Debug|Any CPU
		{DF28C162-48A1-45E5-9FE5-B2B35396F4C6}.Debug|Any CPU.Build.0 = Debug|Any CPU
		{DF28C162-48A1-45E5-9FE5-B2B35396F4C6}.Release|Any CPU.ActiveCfg = Release|Any CPU
		{DF28C162-48A1-45E5-9FE5-B2B35396F4C6}.Release|Any CPU.Build.0 = Release|Any CPU
		{721132E6-342C-4E31-9703-519EBC0A72BE}.Debug|Any CPU.ActiveCfg = Debug|Any CPU
		{721132E6-342C-4E31-9703-519EBC0A72BE}.Debug|Any CPU.Build.0 = Debug|Any CPU
		{721132E6-342C-4E31-9703-519EBC0A72BE}.Release|Any CPU.ActiveCfg = Release|Any CPU
		{721132E6-342C-4E31-9703-519EBC0A72BE}.Release|Any CPU.Build.0 = Release|Any CPU
		{3CC60E0C-9574-4592-AA1B-B17422639197}.Debug|Any CPU.ActiveCfg = Debug|Any CPU
		{3CC60E0C-9574-4592-AA1B-B17422639197}.Debug|Any CPU.Build.0 = Debug|Any CPU
		{3CC60E0C-9574-4592-AA1B-B17422639197}.Release|Any CPU.ActiveCfg = Release|Any CPU
		{3CC60E0C-9574-4592-AA1B-B17422639197}.Release|Any CPU.Build.0 = Release|Any CPU
		{073AB1F6-547B-41C2-9DBA-1C5CF214CABA}.Debug|Any CPU.ActiveCfg = Debug|Any CPU
		{073AB1F6-547B-41C2-9DBA-1C5CF214CABA}.Debug|Any CPU.Build.0 = Debug|Any CPU
		{073AB1F6-547B-41C2-9DBA-1C5CF214CABA}.Release|Any CPU.ActiveCfg = Release|Any CPU
		{073AB1F6-547B-41C2-9DBA-1C5CF214CABA}.Release|Any CPU.Build.0 = Release|Any CPU
		{E9F78884-CFEA-4669-8EDE-19357BC6DBBF}.Debug|Any CPU.ActiveCfg = Debug|Any CPU
		{E9F78884-CFEA-4669-8EDE-19357BC6DBBF}.Debug|Any CPU.Build.0 = Debug|Any CPU
		{E9F78884-CFEA-4669-8EDE-19357BC6DBBF}.Release|Any CPU.ActiveCfg = Release|Any CPU
		{E9F78884-CFEA-4669-8EDE-19357BC6DBBF}.Release|Any CPU.Build.0 = Release|Any CPU
		{8DAF6201-AC80-4F42-B2DD-FF6A60B9EA1F}.Debug|Any CPU.ActiveCfg = Debug|Any CPU
		{8DAF6201-AC80-4F42-B2DD-FF6A60B9EA1F}.Debug|Any CPU.Build.0 = Debug|Any CPU
		{8DAF6201-AC80-4F42-B2DD-FF6A60B9EA1F}.Release|Any CPU.ActiveCfg = Release|Any CPU
		{8DAF6201-AC80-4F42-B2DD-FF6A60B9EA1F}.Release|Any CPU.Build.0 = Release|Any CPU
		{AC30508E-F2BE-48D4-8356-AD338504D848}.Debug|Any CPU.ActiveCfg = Debug|Any CPU
		{AC30508E-F2BE-48D4-8356-AD338504D848}.Debug|Any CPU.Build.0 = Debug|Any CPU
		{AC30508E-F2BE-48D4-8356-AD338504D848}.Release|Any CPU.ActiveCfg = Release|Any CPU
		{AC30508E-F2BE-48D4-8356-AD338504D848}.Release|Any CPU.Build.0 = Release|Any CPU
		{CDCECA73-B37E-41CF-AC0C-91120B6740FC}.Debug|Any CPU.ActiveCfg = Debug|Any CPU
		{CDCECA73-B37E-41CF-AC0C-91120B6740FC}.Debug|Any CPU.Build.0 = Debug|Any CPU
		{CDCECA73-B37E-41CF-AC0C-91120B6740FC}.Release|Any CPU.ActiveCfg = Release|Any CPU
		{CDCECA73-B37E-41CF-AC0C-91120B6740FC}.Release|Any CPU.Build.0 = Release|Any CPU
		{BAD8083F-2F81-4425-9BBA-14015FC1DC44}.Debug|Any CPU.ActiveCfg = Debug|Any CPU
		{BAD8083F-2F81-4425-9BBA-14015FC1DC44}.Debug|Any CPU.Build.0 = Debug|Any CPU
		{BAD8083F-2F81-4425-9BBA-14015FC1DC44}.Release|Any CPU.ActiveCfg = Release|Any CPU
		{BAD8083F-2F81-4425-9BBA-14015FC1DC44}.Release|Any CPU.Build.0 = Release|Any CPU
		{E9C55F09-1D6C-48F9-AD50-68739A7A9374}.Debug|Any CPU.ActiveCfg = Debug|Any CPU
		{E9C55F09-1D6C-48F9-AD50-68739A7A9374}.Debug|Any CPU.Build.0 = Debug|Any CPU
		{E9C55F09-1D6C-48F9-AD50-68739A7A9374}.Release|Any CPU.ActiveCfg = Release|Any CPU
		{E9C55F09-1D6C-48F9-AD50-68739A7A9374}.Release|Any CPU.Build.0 = Release|Any CPU
		{830EF274-CEEB-40C4-85E6-B82F5D62CF48}.Debug|Any CPU.ActiveCfg = Debug|Any CPU
		{830EF274-CEEB-40C4-85E6-B82F5D62CF48}.Debug|Any CPU.Build.0 = Debug|Any CPU
		{830EF274-CEEB-40C4-85E6-B82F5D62CF48}.Release|Any CPU.ActiveCfg = Release|Any CPU
		{830EF274-CEEB-40C4-85E6-B82F5D62CF48}.Release|Any CPU.Build.0 = Release|Any CPU
		{7DB78C0C-5CFA-46AE-B78A-1A2F96928BA7}.Debug|Any CPU.ActiveCfg = Debug|Any CPU
		{7DB78C0C-5CFA-46AE-B78A-1A2F96928BA7}.Debug|Any CPU.Build.0 = Debug|Any CPU
		{7DB78C0C-5CFA-46AE-B78A-1A2F96928BA7}.Release|Any CPU.ActiveCfg = Release|Any CPU
		{7DB78C0C-5CFA-46AE-B78A-1A2F96928BA7}.Release|Any CPU.Build.0 = Release|Any CPU
		{3A40EB40-3EBD-477A-A416-3AD99DBE296B}.Debug|Any CPU.ActiveCfg = Debug|Any CPU
		{3A40EB40-3EBD-477A-A416-3AD99DBE296B}.Debug|Any CPU.Build.0 = Debug|Any CPU
		{3A40EB40-3EBD-477A-A416-3AD99DBE296B}.Release|Any CPU.ActiveCfg = Release|Any CPU
		{3A40EB40-3EBD-477A-A416-3AD99DBE296B}.Release|Any CPU.Build.0 = Release|Any CPU
		{73B89082-B3F9-43BF-AA82-E94AF5FF7D5C}.Debug|Any CPU.ActiveCfg = Debug|Any CPU
		{73B89082-B3F9-43BF-AA82-E94AF5FF7D5C}.Debug|Any CPU.Build.0 = Debug|Any CPU
		{73B89082-B3F9-43BF-AA82-E94AF5FF7D5C}.Release|Any CPU.ActiveCfg = Release|Any CPU
		{73B89082-B3F9-43BF-AA82-E94AF5FF7D5C}.Release|Any CPU.Build.0 = Release|Any CPU
	EndGlobalSection
EndGlobal
